// !$*UTF8*$!
{
	archiveVersion = 1;
	classes = {
	};
	objectVersion = 56;
	objects = {

/* Begin PBXBuildFile section */
		5D9018D12ACAB5B00002A9D8 /* navitaionViewController.swift in Sources */ = {isa = PBXBuildFile; fileRef = 5D9018D02ACAB5B00002A9D8 /* navitaionViewController.swift */; };
		5DA0A6DE2AA75C1600F8A454 /* cardView in Resources */ = {isa = PBXBuildFile; fileRef = 5DA0A6DD2AA75C1600F8A454 /* cardView */; };
		5DDFBC8D2AA5AA0000B026DD /* AppDelegate.swift in Sources */ = {isa = PBXBuildFile; fileRef = 5DDFBC8C2AA5AA0000B026DD /* AppDelegate.swift */; };
		5DDFBC8F2AA5AA0000B026DD /* SceneDelegate.swift in Sources */ = {isa = PBXBuildFile; fileRef = 5DDFBC8E2AA5AA0000B026DD /* SceneDelegate.swift */; };
		5DDFBC912AA5AA0000B026DD /* ViewController.swift in Sources */ = {isa = PBXBuildFile; fileRef = 5DDFBC902AA5AA0000B026DD /* ViewController.swift */; };
		5DDFBC942AA5AA0000B026DD /* Main.storyboard in Resources */ = {isa = PBXBuildFile; fileRef = 5DDFBC922AA5AA0000B026DD /* Main.storyboard */; };
		5DDFBC962AA5AA0500B026DD /* Assets.xcassets in Resources */ = {isa = PBXBuildFile; fileRef = 5DDFBC952AA5AA0500B026DD /* Assets.xcassets */; };
		5DDFBC992AA5AA0500B026DD /* LaunchScreen.storyboard in Resources */ = {isa = PBXBuildFile; fileRef = 5DDFBC972AA5AA0500B026DD /* LaunchScreen.storyboard */; };
		5DDFBCA42AA5AA0600B026DD /* walkAppSinvoTests.swift in Sources */ = {isa = PBXBuildFile; fileRef = 5DDFBCA32AA5AA0600B026DD /* walkAppSinvoTests.swift */; };
		5DDFBCAE2AA5AA0600B026DD /* walkAppSinvoUITests.swift in Sources */ = {isa = PBXBuildFile; fileRef = 5DDFBCAD2AA5AA0600B026DD /* walkAppSinvoUITests.swift */; };
		5DDFBCB02AA5AA0600B026DD /* walkAppSinvoUITestsLaunchTests.swift in Sources */ = {isa = PBXBuildFile; fileRef = 5DDFBCAF2AA5AA0600B026DD /* walkAppSinvoUITestsLaunchTests.swift */; };
		5DDFBCBD2AA5AAC300B026DD /* TabBarViewController.swift in Sources */ = {isa = PBXBuildFile; fileRef = 5DDFBCBC2AA5AAC300B026DD /* TabBarViewController.swift */; };
		5DDFBCC12AA5AB4100B026DD /* MyBookingViewController.swift in Sources */ = {isa = PBXBuildFile; fileRef = 5DDFBCC02AA5AB4100B026DD /* MyBookingViewController.swift */; };
		5DDFBCC32AA5AB5A00B026DD /* ScanQrViewController.swift in Sources */ = {isa = PBXBuildFile; fileRef = 5DDFBCC22AA5AB5A00B026DD /* ScanQrViewController.swift */; };
		5DDFBCC52AA5AB6700B026DD /* HomeViewController.swift in Sources */ = {isa = PBXBuildFile; fileRef = 5DDFBCC42AA5AB6700B026DD /* HomeViewController.swift */; };
		5DDFBCC72AA5AB7700B026DD /* MyQrViewController.swift in Sources */ = {isa = PBXBuildFile; fileRef = 5DDFBCC62AA5AB7700B026DD /* MyQrViewController.swift */; };
		5DDFBCC92AA5AB8B00B026DD /* ProfileViewController.swift in Sources */ = {isa = PBXBuildFile; fileRef = 5DDFBCC82AA5AB8B00B026DD /* ProfileViewController.swift */; };
		5DDFBCD42AA5C05F00B026DD /* DataService.swift in Sources */ = {isa = PBXBuildFile; fileRef = 5DDFBCD32AA5C05F00B026DD /* DataService.swift */; };
		5DDFBCD62AA5C47E00B026DD /* collectionView1Model.swift in Sources */ = {isa = PBXBuildFile; fileRef = 5DDFBCD52AA5C47E00B026DD /* collectionView1Model.swift */; };
		5DDFBCD92AA5CDC100B026DD /* CollectionViewCell2.swift in Sources */ = {isa = PBXBuildFile; fileRef = 5DDFBCD72AA5CDC100B026DD /* CollectionViewCell2.swift */; };
		5DDFBCDC2AA5D79E00B026DD /* cardView.swift in Sources */ = {isa = PBXBuildFile; fileRef = 5DDFBCDB2AA5D79E00B026DD /* cardView.swift */; };
		5DDFBCDE2AA5E8C400B026DD /* TabBarView.swift in Sources */ = {isa = PBXBuildFile; fileRef = 5DDFBCDD2AA5E8C400B026DD /* TabBarView.swift */; };
		5DDFBCE02AA5EA3F00B026DD /* CollectionViewCell1.swift in Sources */ = {isa = PBXBuildFile; fileRef = 5DDFBCDF2AA5EA3F00B026DD /* CollectionViewCell1.swift */; };
		5DDFBCE22AA602F800B026DD /* collectionViewModel2.swift in Sources */ = {isa = PBXBuildFile; fileRef = 5DDFBCE12AA602F800B026DD /* collectionViewModel2.swift */; };
/* End PBXBuildFile section */

/* Begin PBXContainerItemProxy section */
		5DDFBCA02AA5AA0600B026DD /* PBXContainerItemProxy */ = {
			isa = PBXContainerItemProxy;
			containerPortal = 5DDFBC812AA5AA0000B026DD /* Project object */;
			proxyType = 1;
			remoteGlobalIDString = 5DDFBC882AA5AA0000B026DD;
			remoteInfo = walkAppSinvo;
		};
		5DDFBCAA2AA5AA0600B026DD /* PBXContainerItemProxy */ = {
			isa = PBXContainerItemProxy;
			containerPortal = 5DDFBC812AA5AA0000B026DD /* Project object */;
			proxyType = 1;
			remoteGlobalIDString = 5DDFBC882AA5AA0000B026DD;
			remoteInfo = walkAppSinvo;
		};
/* End PBXContainerItemProxy section */

/* Begin PBXFileReference section */
		5D9018D02ACAB5B00002A9D8 /* navitaionViewController.swift */ = {isa = PBXFileReference; lastKnownFileType = sourcecode.swift; path = navitaionViewController.swift; sourceTree = "<group>"; };
		5DA0A6DD2AA75C1600F8A454 /* cardView */ = {isa = PBXFileReference; lastKnownFileType = folder; name = cardView; path = "../../../../ui/ui/Customer View/collectionViewcell/cardView"; sourceTree = "<group>"; };
		5DDFBC892AA5AA0000B026DD /* walkAppSinvo.app */ = {isa = PBXFileReference; explicitFileType = wrapper.application; includeInIndex = 0; path = walkAppSinvo.app; sourceTree = BUILT_PRODUCTS_DIR; };
		5DDFBC8C2AA5AA0000B026DD /* AppDelegate.swift */ = {isa = PBXFileReference; lastKnownFileType = sourcecode.swift; path = AppDelegate.swift; sourceTree = "<group>"; };
		5DDFBC8E2AA5AA0000B026DD /* SceneDelegate.swift */ = {isa = PBXFileReference; lastKnownFileType = sourcecode.swift; path = SceneDelegate.swift; sourceTree = "<group>"; };
		5DDFBC902AA5AA0000B026DD /* ViewController.swift */ = {isa = PBXFileReference; lastKnownFileType = sourcecode.swift; path = ViewController.swift; sourceTree = "<group>"; };
		5DDFBC932AA5AA0000B026DD /* Base */ = {isa = PBXFileReference; lastKnownFileType = file.storyboard; name = Base; path = Base.lproj/Main.storyboard; sourceTree = "<group>"; };
		5DDFBC952AA5AA0500B026DD /* Assets.xcassets */ = {isa = PBXFileReference; lastKnownFileType = folder.assetcatalog; path = Assets.xcassets; sourceTree = "<group>"; };
		5DDFBC982AA5AA0500B026DD /* Base */ = {isa = PBXFileReference; lastKnownFileType = file.storyboard; name = Base; path = Base.lproj/LaunchScreen.storyboard; sourceTree = "<group>"; };
		5DDFBC9A2AA5AA0500B026DD /* Info.plist */ = {isa = PBXFileReference; lastKnownFileType = text.plist.xml; path = Info.plist; sourceTree = "<group>"; };
		5DDFBC9F2AA5AA0600B026DD /* walkAppSinvoTests.xctest */ = {isa = PBXFileReference; explicitFileType = wrapper.cfbundle; includeInIndex = 0; path = walkAppSinvoTests.xctest; sourceTree = BUILT_PRODUCTS_DIR; };
		5DDFBCA32AA5AA0600B026DD /* walkAppSinvoTests.swift */ = {isa = PBXFileReference; lastKnownFileType = sourcecode.swift; path = walkAppSinvoTests.swift; sourceTree = "<group>"; };
		5DDFBCA92AA5AA0600B026DD /* walkAppSinvoUITests.xctest */ = {isa = PBXFileReference; explicitFileType = wrapper.cfbundle; includeInIndex = 0; path = walkAppSinvoUITests.xctest; sourceTree = BUILT_PRODUCTS_DIR; };
		5DDFBCAD2AA5AA0600B026DD /* walkAppSinvoUITests.swift */ = {isa = PBXFileReference; lastKnownFileType = sourcecode.swift; path = walkAppSinvoUITests.swift; sourceTree = "<group>"; };
		5DDFBCAF2AA5AA0600B026DD /* walkAppSinvoUITestsLaunchTests.swift */ = {isa = PBXFileReference; lastKnownFileType = sourcecode.swift; path = walkAppSinvoUITestsLaunchTests.swift; sourceTree = "<group>"; };
		5DDFBCBC2AA5AAC300B026DD /* TabBarViewController.swift */ = {isa = PBXFileReference; lastKnownFileType = sourcecode.swift; path = TabBarViewController.swift; sourceTree = "<group>"; };
		5DDFBCC02AA5AB4100B026DD /* MyBookingViewController.swift */ = {isa = PBXFileReference; lastKnownFileType = sourcecode.swift; path = MyBookingViewController.swift; sourceTree = "<group>"; };
		5DDFBCC22AA5AB5A00B026DD /* ScanQrViewController.swift */ = {isa = PBXFileReference; lastKnownFileType = sourcecode.swift; path = ScanQrViewController.swift; sourceTree = "<group>"; };
		5DDFBCC42AA5AB6700B026DD /* HomeViewController.swift */ = {isa = PBXFileReference; lastKnownFileType = sourcecode.swift; path = HomeViewController.swift; sourceTree = "<group>"; };
		5DDFBCC62AA5AB7700B026DD /* MyQrViewController.swift */ = {isa = PBXFileReference; lastKnownFileType = sourcecode.swift; path = MyQrViewController.swift; sourceTree = "<group>"; };
		5DDFBCC82AA5AB8B00B026DD /* ProfileViewController.swift */ = {isa = PBXFileReference; lastKnownFileType = sourcecode.swift; path = ProfileViewController.swift; sourceTree = "<group>"; };
		5DDFBCD32AA5C05F00B026DD /* DataService.swift */ = {isa = PBXFileReference; lastKnownFileType = sourcecode.swift; path = DataService.swift; sourceTree = "<group>"; };
		5DDFBCD52AA5C47E00B026DD /* collectionView1Model.swift */ = {isa = PBXFileReference; lastKnownFileType = sourcecode.swift; path = collectionView1Model.swift; sourceTree = "<group>"; };
		5DDFBCD72AA5CDC100B026DD /* CollectionViewCell2.swift */ = {isa = PBXFileReference; lastKnownFileType = sourcecode.swift; path = CollectionViewCell2.swift; sourceTree = "<group>"; };
		5DDFBCDB2AA5D79E00B026DD /* cardView.swift */ = {isa = PBXFileReference; lastKnownFileType = sourcecode.swift; path = cardView.swift; sourceTree = "<group>"; };
		5DDFBCDD2AA5E8C400B026DD /* TabBarView.swift */ = {isa = PBXFileReference; lastKnownFileType = sourcecode.swift; path = TabBarView.swift; sourceTree = "<group>"; };
		5DDFBCDF2AA5EA3F00B026DD /* CollectionViewCell1.swift */ = {isa = PBXFileReference; lastKnownFileType = sourcecode.swift; path = CollectionViewCell1.swift; sourceTree = "<group>"; };
		5DDFBCE12AA602F800B026DD /* collectionViewModel2.swift */ = {isa = PBXFileReference; lastKnownFileType = sourcecode.swift; path = collectionViewModel2.swift; sourceTree = "<group>"; };
/* End PBXFileReference section */

/* Begin PBXFrameworksBuildPhase section */
		5DDFBC862AA5AA0000B026DD /* Frameworks */ = {
			isa = PBXFrameworksBuildPhase;
			buildActionMask = 2147483647;
			files = (
			);
			runOnlyForDeploymentPostprocessing = 0;
		};
		5DDFBC9C2AA5AA0600B026DD /* Frameworks */ = {
			isa = PBXFrameworksBuildPhase;
			buildActionMask = 2147483647;
			files = (
			);
			runOnlyForDeploymentPostprocessing = 0;
		};
		5DDFBCA62AA5AA0600B026DD /* Frameworks */ = {
			isa = PBXFrameworksBuildPhase;
			buildActionMask = 2147483647;
			files = (
			);
			runOnlyForDeploymentPostprocessing = 0;
		};
/* End PBXFrameworksBuildPhase section */

/* Begin PBXGroup section */
		5DDFBC802AA5AA0000B026DD = {
			isa = PBXGroup;
			children = (
				5DDFBC8B2AA5AA0000B026DD /* walkAppSinvo */,
				5DDFBCA22AA5AA0600B026DD /* walkAppSinvoTests */,
				5DDFBCAC2AA5AA0600B026DD /* walkAppSinvoUITests */,
				5DDFBC8A2AA5AA0000B026DD /* Products */,
			);
			sourceTree = "<group>";
		};
		5DDFBC8A2AA5AA0000B026DD /* Products */ = {
			isa = PBXGroup;
			children = (
				5DDFBC892AA5AA0000B026DD /* walkAppSinvo.app */,
				5DDFBC9F2AA5AA0600B026DD /* walkAppSinvoTests.xctest */,
				5DDFBCA92AA5AA0600B026DD /* walkAppSinvoUITests.xctest */,
			);
			name = Products;
			sourceTree = "<group>";
		};
		5DDFBC8B2AA5AA0000B026DD /* walkAppSinvo */ = {
			isa = PBXGroup;
			children = (
				5DDFBCD22AA5C04600B026DD /* DataService */,
				5DDFBCCC2AA5BDB900B026DD /* Controller */,
				5DDFBCCB2AA5BDA500B026DD /* View */,
				5DDFBCCA2AA5BD9700B026DD /* Model */,
				5DDFBC8C2AA5AA0000B026DD /* AppDelegate.swift */,
				5DDFBC8E2AA5AA0000B026DD /* SceneDelegate.swift */,
				5DDFBC902AA5AA0000B026DD /* ViewController.swift */,
				5DDFBC922AA5AA0000B026DD /* Main.storyboard */,
				5DDFBC952AA5AA0500B026DD /* Assets.xcassets */,
				5DDFBC972AA5AA0500B026DD /* LaunchScreen.storyboard */,
				5DDFBC9A2AA5AA0500B026DD /* Info.plist */,
			);
			path = walkAppSinvo;
			sourceTree = "<group>";
		};
		5DDFBCA22AA5AA0600B026DD /* walkAppSinvoTests */ = {
			isa = PBXGroup;
			children = (
				5DDFBCA32AA5AA0600B026DD /* walkAppSinvoTests.swift */,
			);
			path = walkAppSinvoTests;
			sourceTree = "<group>";
		};
		5DDFBCAC2AA5AA0600B026DD /* walkAppSinvoUITests */ = {
			isa = PBXGroup;
			children = (
				5DDFBCAD2AA5AA0600B026DD /* walkAppSinvoUITests.swift */,
				5DDFBCAF2AA5AA0600B026DD /* walkAppSinvoUITestsLaunchTests.swift */,
			);
			path = walkAppSinvoUITests;
			sourceTree = "<group>";
		};
		5DDFBCCA2AA5BD9700B026DD /* Model */ = {
			isa = PBXGroup;
			children = (
				5DDFBCE12AA602F800B026DD /* collectionViewModel2.swift */,
				5DDFBCD52AA5C47E00B026DD /* collectionView1Model.swift */,
				5DDFBCDB2AA5D79E00B026DD /* cardView.swift */,
			);
			path = Model;
			sourceTree = "<group>";
		};
		5DDFBCCB2AA5BDA500B026DD /* View */ = {
			isa = PBXGroup;
			children = (
				5DDFBCD72AA5CDC100B026DD /* CollectionViewCell2.swift */,
				5DDFBCDF2AA5EA3F00B026DD /* CollectionViewCell1.swift */,
			);
			path = View;
			sourceTree = "<group>";
		};
		5DDFBCCC2AA5BDB900B026DD /* Controller */ = {
			isa = PBXGroup;
			children = (
				5DDFBCCD2AA5BDCA00B026DD /* TabBarController */,
			);
			path = Controller;
			sourceTree = "<group>";
		};
		5DDFBCCD2AA5BDCA00B026DD /* TabBarController */ = {
			isa = PBXGroup;
			children = (
				5DDFBCC02AA5AB4100B026DD /* MyBookingViewController.swift */,
				5DDFBCBC2AA5AAC300B026DD /* TabBarViewController.swift */,
				5DDFBCC42AA5AB6700B026DD /* HomeViewController.swift */,
				5DA0A6DD2AA75C1600F8A454 /* cardView */,
				5DDFBCC82AA5AB8B00B026DD /* ProfileViewController.swift */,
				5DDFBCC62AA5AB7700B026DD /* MyQrViewController.swift */,
				5D9018D02ACAB5B00002A9D8 /* navitaionViewController.swift */,
				5DDFBCC22AA5AB5A00B026DD /* ScanQrViewController.swift */,
				5DDFBCDD2AA5E8C400B026DD /* TabBarView.swift */,
			);
			path = TabBarController;
			sourceTree = "<group>";
		};
		5DDFBCD22AA5C04600B026DD /* DataService */ = {
			isa = PBXGroup;
			children = (
				5DDFBCD32AA5C05F00B026DD /* DataService.swift */,
			);
			path = DataService;
			sourceTree = "<group>";
		};
/* End PBXGroup section */

/* Begin PBXNativeTarget section */
		5DDFBC882AA5AA0000B026DD /* walkAppSinvo */ = {
			isa = PBXNativeTarget;
			buildConfigurationList = 5DDFBCB32AA5AA0600B026DD /* Build configuration list for PBXNativeTarget "walkAppSinvo" */;
			buildPhases = (
				5DDFBC852AA5AA0000B026DD /* Sources */,
				5DDFBC862AA5AA0000B026DD /* Frameworks */,
				5DDFBC872AA5AA0000B026DD /* Resources */,
			);
			buildRules = (
			);
			dependencies = (
			);
			name = walkAppSinvo;
			productName = walkAppSinvo;
			productReference = 5DDFBC892AA5AA0000B026DD /* walkAppSinvo.app */;
			productType = "com.apple.product-type.application";
		};
		5DDFBC9E2AA5AA0600B026DD /* walkAppSinvoTests */ = {
			isa = PBXNativeTarget;
			buildConfigurationList = 5DDFBCB62AA5AA0600B026DD /* Build configuration list for PBXNativeTarget "walkAppSinvoTests" */;
			buildPhases = (
				5DDFBC9B2AA5AA0600B026DD /* Sources */,
				5DDFBC9C2AA5AA0600B026DD /* Frameworks */,
				5DDFBC9D2AA5AA0600B026DD /* Resources */,
			);
			buildRules = (
			);
			dependencies = (
				5DDFBCA12AA5AA0600B026DD /* PBXTargetDependency */,
			);
			name = walkAppSinvoTests;
			productName = walkAppSinvoTests;
			productReference = 5DDFBC9F2AA5AA0600B026DD /* walkAppSinvoTests.xctest */;
			productType = "com.apple.product-type.bundle.unit-test";
		};
		5DDFBCA82AA5AA0600B026DD /* walkAppSinvoUITests */ = {
			isa = PBXNativeTarget;
			buildConfigurationList = 5DDFBCB92AA5AA0600B026DD /* Build configuration list for PBXNativeTarget "walkAppSinvoUITests" */;
			buildPhases = (
				5DDFBCA52AA5AA0600B026DD /* Sources */,
				5DDFBCA62AA5AA0600B026DD /* Frameworks */,
				5DDFBCA72AA5AA0600B026DD /* Resources */,
			);
			buildRules = (
			);
			dependencies = (
				5DDFBCAB2AA5AA0600B026DD /* PBXTargetDependency */,
			);
			name = walkAppSinvoUITests;
			productName = walkAppSinvoUITests;
			productReference = 5DDFBCA92AA5AA0600B026DD /* walkAppSinvoUITests.xctest */;
			productType = "com.apple.product-type.bundle.ui-testing";
		};
/* End PBXNativeTarget section */

/* Begin PBXProject section */
		5DDFBC812AA5AA0000B026DD /* Project object */ = {
			isa = PBXProject;
			attributes = {
				BuildIndependentTargetsInParallel = 1;
				LastSwiftUpdateCheck = 1420;
				LastUpgradeCheck = 1420;
				TargetAttributes = {
					5DDFBC882AA5AA0000B026DD = {
						CreatedOnToolsVersion = 14.2;
					};
					5DDFBC9E2AA5AA0600B026DD = {
						CreatedOnToolsVersion = 14.2;
						TestTargetID = 5DDFBC882AA5AA0000B026DD;
					};
					5DDFBCA82AA5AA0600B026DD = {
						CreatedOnToolsVersion = 14.2;
						TestTargetID = 5DDFBC882AA5AA0000B026DD;
					};
				};
			};
			buildConfigurationList = 5DDFBC842AA5AA0000B026DD /* Build configuration list for PBXProject "walkAppSinvo" */;
			compatibilityVersion = "Xcode 14.0";
			developmentRegion = en;
			hasScannedForEncodings = 0;
			knownRegions = (
				en,
				Base,
			);
			mainGroup = 5DDFBC802AA5AA0000B026DD;
			productRefGroup = 5DDFBC8A2AA5AA0000B026DD /* Products */;
			projectDirPath = "";
			projectRoot = "";
			targets = (
				5DDFBC882AA5AA0000B026DD /* walkAppSinvo */,
				5DDFBC9E2AA5AA0600B026DD /* walkAppSinvoTests */,
				5DDFBCA82AA5AA0600B026DD /* walkAppSinvoUITests */,
			);
		};
/* End PBXProject section */

/* Begin PBXResourcesBuildPhase section */
		5DDFBC872AA5AA0000B026DD /* Resources */ = {
			isa = PBXResourcesBuildPhase;
			buildActionMask = 2147483647;
			files = (
				5DDFBC992AA5AA0500B026DD /* LaunchScreen.storyboard in Resources */,
				5DA0A6DE2AA75C1600F8A454 /* cardView in Resources */,
				5DDFBC962AA5AA0500B026DD /* Assets.xcassets in Resources */,
				5DDFBC942AA5AA0000B026DD /* Main.storyboard in Resources */,
			);
			runOnlyForDeploymentPostprocessing = 0;
		};
		5DDFBC9D2AA5AA0600B026DD /* Resources */ = {
			isa = PBXResourcesBuildPhase;
			buildActionMask = 2147483647;
			files = (
			);
			runOnlyForDeploymentPostprocessing = 0;
		};
		5DDFBCA72AA5AA0600B026DD /* Resources */ = {
			isa = PBXResourcesBuildPhase;
			buildActionMask = 2147483647;
			files = (
			);
			runOnlyForDeploymentPostprocessing = 0;
		};
/* End PBXResourcesBuildPhase section */

/* Begin PBXSourcesBuildPhase section */
		5DDFBC852AA5AA0000B026DD /* Sources */ = {
			isa = PBXSourcesBuildPhase;
			buildActionMask = 2147483647;
			files = (
				5DDFBCBD2AA5AAC300B026DD /* TabBarViewController.swift in Sources */,
				5DDFBCC12AA5AB4100B026DD /* MyBookingViewController.swift in Sources */,
				5DDFBC912AA5AA0000B026DD /* ViewController.swift in Sources */,
				5DDFBCC72AA5AB7700B026DD /* MyQrViewController.swift in Sources */,
				5D9018D12ACAB5B00002A9D8 /* navitaionViewController.swift in Sources */,
				5DDFBCD42AA5C05F00B026DD /* DataService.swift in Sources */,
				5DDFBCE02AA5EA3F00B026DD /* CollectionViewCell1.swift in Sources */,
				5DDFBC8D2AA5AA0000B026DD /* AppDelegate.swift in Sources */,
				5DDFBCD92AA5CDC100B026DD /* CollectionViewCell2.swift in Sources */,
				5DDFBCDC2AA5D79E00B026DD /* cardView.swift in Sources */,
				5DDFBCC32AA5AB5A00B026DD /* ScanQrViewController.swift in Sources */,
				5DDFBCC92AA5AB8B00B026DD /* ProfileViewController.swift in Sources */,
				5DDFBCC52AA5AB6700B026DD /* HomeViewController.swift in Sources */,
				5DDFBCD62AA5C47E00B026DD /* collectionView1Model.swift in Sources */,
				5DDFBCDE2AA5E8C400B026DD /* TabBarView.swift in Sources */,
				5DDFBC8F2AA5AA0000B026DD /* SceneDelegate.swift in Sources */,
				5DDFBCE22AA602F800B026DD /* collectionViewModel2.swift in Sources */,
			);
			runOnlyForDeploymentPostprocessing = 0;
		};
		5DDFBC9B2AA5AA0600B026DD /* Sources */ = {
			isa = PBXSourcesBuildPhase;
			buildActionMask = 2147483647;
			files = (
				5DDFBCA42AA5AA0600B026DD /* walkAppSinvoTests.swift in Sources */,
			);
			runOnlyForDeploymentPostprocessing = 0;
		};
		5DDFBCA52AA5AA0600B026DD /* Sources */ = {
			isa = PBXSourcesBuildPhase;
			buildActionMask = 2147483647;
			files = (
				5DDFBCAE2AA5AA0600B026DD /* walkAppSinvoUITests.swift in Sources */,
				5DDFBCB02AA5AA0600B026DD /* walkAppSinvoUITestsLaunchTests.swift in Sources */,
			);
			runOnlyForDeploymentPostprocessing = 0;
		};
/* End PBXSourcesBuildPhase section */

/* Begin PBXTargetDependency section */
		5DDFBCA12AA5AA0600B026DD /* PBXTargetDependency */ = {
			isa = PBXTargetDependency;
			target = 5DDFBC882AA5AA0000B026DD /* walkAppSinvo */;
			targetProxy = 5DDFBCA02AA5AA0600B026DD /* PBXContainerItemProxy */;
		};
		5DDFBCAB2AA5AA0600B026DD /* PBXTargetDependency */ = {
			isa = PBXTargetDependency;
			target = 5DDFBC882AA5AA0000B026DD /* walkAppSinvo */;
			targetProxy = 5DDFBCAA2AA5AA0600B026DD /* PBXContainerItemProxy */;
		};
/* End PBXTargetDependency section */

/* Begin PBXVariantGroup section */
		5DDFBC922AA5AA0000B026DD /* Main.storyboard */ = {
			isa = PBXVariantGroup;
			children = (
				5DDFBC932AA5AA0000B026DD /* Base */,
			);
			name = Main.storyboard;
			sourceTree = "<group>";
		};
		5DDFBC972AA5AA0500B026DD /* LaunchScreen.storyboard */ = {
			isa = PBXVariantGroup;
			children = (
				5DDFBC982AA5AA0500B026DD /* Base */,
			);
			name = LaunchScreen.storyboard;
			sourceTree = "<group>";
		};
/* End PBXVariantGroup section */

/* Begin XCBuildConfiguration section */
		5DDFBCB12AA5AA0600B026DD /* Debug */ = {
			isa = XCBuildConfiguration;
			buildSettings = {
				ALWAYS_SEARCH_USER_PATHS = NO;
				CLANG_ANALYZER_NONNULL = YES;
				CLANG_ANALYZER_NUMBER_OBJECT_CONVERSION = YES_AGGRESSIVE;
				CLANG_CXX_LANGUAGE_STANDARD = "gnu++20";
				CLANG_ENABLE_MODULES = YES;
				CLANG_ENABLE_OBJC_ARC = YES;
				CLANG_ENABLE_OBJC_WEAK = YES;
				CLANG_WARN_BLOCK_CAPTURE_AUTORELEASING = YES;
				CLANG_WARN_BOOL_CONVERSION = YES;
				CLANG_WARN_COMMA = YES;
				CLANG_WARN_CONSTANT_CONVERSION = YES;
				CLANG_WARN_DEPRECATED_OBJC_IMPLEMENTATIONS = YES;
				CLANG_WARN_DIRECT_OBJC_ISA_USAGE = YES_ERROR;
				CLANG_WARN_DOCUMENTATION_COMMENTS = YES;
				CLANG_WARN_EMPTY_BODY = YES;
				CLANG_WARN_ENUM_CONVERSION = YES;
				CLANG_WARN_INFINITE_RECURSION = YES;
				CLANG_WARN_INT_CONVERSION = YES;
				CLANG_WARN_NON_LITERAL_NULL_CONVERSION = YES;
				CLANG_WARN_OBJC_IMPLICIT_RETAIN_SELF = YES;
				CLANG_WARN_OBJC_LITERAL_CONVERSION = YES;
				CLANG_WARN_OBJC_ROOT_CLASS = YES_ERROR;
				CLANG_WARN_QUOTED_INCLUDE_IN_FRAMEWORK_HEADER = YES;
				CLANG_WARN_RANGE_LOOP_ANALYSIS = YES;
				CLANG_WARN_STRICT_PROTOTYPES = YES;
				CLANG_WARN_SUSPICIOUS_MOVE = YES;
				CLANG_WARN_UNGUARDED_AVAILABILITY = YES_AGGRESSIVE;
				CLANG_WARN_UNREACHABLE_CODE = YES;
				CLANG_WARN__DUPLICATE_METHOD_MATCH = YES;
				COPY_PHASE_STRIP = NO;
				DEBUG_INFORMATION_FORMAT = dwarf;
				ENABLE_STRICT_OBJC_MSGSEND = YES;
				ENABLE_TESTABILITY = YES;
				GCC_C_LANGUAGE_STANDARD = gnu11;
				GCC_DYNAMIC_NO_PIC = NO;
				GCC_NO_COMMON_BLOCKS = YES;
				GCC_OPTIMIZATION_LEVEL = 0;
				GCC_PREPROCESSOR_DEFINITIONS = (
					"DEBUG=1",
					"$(inherited)",
				);
				GCC_WARN_64_TO_32_BIT_CONVERSION = YES;
				GCC_WARN_ABOUT_RETURN_TYPE = YES_ERROR;
				GCC_WARN_UNDECLARED_SELECTOR = YES;
				GCC_WARN_UNINITIALIZED_AUTOS = YES_AGGRESSIVE;
				GCC_WARN_UNUSED_FUNCTION = YES;
				GCC_WARN_UNUSED_VARIABLE = YES;
				IPHONEOS_DEPLOYMENT_TARGET = 16.2;
				MTL_ENABLE_DEBUG_INFO = INCLUDE_SOURCE;
				MTL_FAST_MATH = YES;
				ONLY_ACTIVE_ARCH = YES;
				SDKROOT = iphoneos;
				SWIFT_ACTIVE_COMPILATION_CONDITIONS = DEBUG;
				SWIFT_OPTIMIZATION_LEVEL = "-Onone";
			};
			name = Debug;
		};
		5DDFBCB22AA5AA0600B026DD /* Release */ = {
			isa = XCBuildConfiguration;
			buildSettings = {
				ALWAYS_SEARCH_USER_PATHS = NO;
				CLANG_ANALYZER_NONNULL = YES;
				CLANG_ANALYZER_NUMBER_OBJECT_CONVERSION = YES_AGGRESSIVE;
				CLANG_CXX_LANGUAGE_STANDARD = "gnu++20";
				CLANG_ENABLE_MODULES = YES;
				CLANG_ENABLE_OBJC_ARC = YES;
				CLANG_ENABLE_OBJC_WEAK = YES;
				CLANG_WARN_BLOCK_CAPTURE_AUTORELEASING = YES;
				CLANG_WARN_BOOL_CONVERSION = YES;
				CLANG_WARN_COMMA = YES;
				CLANG_WARN_CONSTANT_CONVERSION = YES;
				CLANG_WARN_DEPRECATED_OBJC_IMPLEMENTATIONS = YES;
				CLANG_WARN_DIRECT_OBJC_ISA_USAGE = YES_ERROR;
				CLANG_WARN_DOCUMENTATION_COMMENTS = YES;
				CLANG_WARN_EMPTY_BODY = YES;
				CLANG_WARN_ENUM_CONVERSION = YES;
				CLANG_WARN_INFINITE_RECURSION = YES;
				CLANG_WARN_INT_CONVERSION = YES;
				CLANG_WARN_NON_LITERAL_NULL_CONVERSION = YES;
				CLANG_WARN_OBJC_IMPLICIT_RETAIN_SELF = YES;
				CLANG_WARN_OBJC_LITERAL_CONVERSION = YES;
				CLANG_WARN_OBJC_ROOT_CLASS = YES_ERROR;
				CLANG_WARN_QUOTED_INCLUDE_IN_FRAMEWORK_HEADER = YES;
				CLANG_WARN_RANGE_LOOP_ANALYSIS = YES;
				CLANG_WARN_STRICT_PROTOTYPES = YES;
				CLANG_WARN_SUSPICIOUS_MOVE = YES;
				CLANG_WARN_UNGUARDED_AVAILABILITY = YES_AGGRESSIVE;
				CLANG_WARN_UNREACHABLE_CODE = YES;
				CLANG_WARN__DUPLICATE_METHOD_MATCH = YES;
				COPY_PHASE_STRIP = NO;
				DEBUG_INFORMATION_FORMAT = "dwarf-with-dsym";
				ENABLE_NS_ASSERTIONS = NO;
				ENABLE_STRICT_OBJC_MSGSEND = YES;
				GCC_C_LANGUAGE_STANDARD = gnu11;
				GCC_NO_COMMON_BLOCKS = YES;
				GCC_WARN_64_TO_32_BIT_CONVERSION = YES;
				GCC_WARN_ABOUT_RETURN_TYPE = YES_ERROR;
				GCC_WARN_UNDECLARED_SELECTOR = YES;
				GCC_WARN_UNINITIALIZED_AUTOS = YES_AGGRESSIVE;
				GCC_WARN_UNUSED_FUNCTION = YES;
				GCC_WARN_UNUSED_VARIABLE = YES;
				IPHONEOS_DEPLOYMENT_TARGET = 16.2;
				MTL_ENABLE_DEBUG_INFO = NO;
				MTL_FAST_MATH = YES;
				SDKROOT = iphoneos;
				SWIFT_COMPILATION_MODE = wholemodule;
				SWIFT_OPTIMIZATION_LEVEL = "-O";
				VALIDATE_PRODUCT = YES;
			};
			name = Release;
		};
		5DDFBCB42AA5AA0600B026DD /* Debug */ = {
			isa = XCBuildConfiguration;
			buildSettings = {
				ASSETCATALOG_COMPILER_APPICON_NAME = AppIcon;
				ASSETCATALOG_COMPILER_GLOBAL_ACCENT_COLOR_NAME = AccentColor;
				CODE_SIGN_STYLE = Automatic;
				CURRENT_PROJECT_VERSION = 1;
				DEVELOPMENT_TEAM = RQ9DN8WL4A;
				GENERATE_INFOPLIST_FILE = YES;
				INFOPLIST_FILE = walkAppSinvo/Info.plist;
				INFOPLIST_KEY_UIApplicationSupportsIndirectInputEvents = YES;
				INFOPLIST_KEY_UILaunchStoryboardName = LaunchScreen;
				INFOPLIST_KEY_UIMainStoryboardFile = Main;
				INFOPLIST_KEY_UISupportedInterfaceOrientations_iPad = "UIInterfaceOrientationPortrait UIInterfaceOrientationPortraitUpsideDown UIInterfaceOrientationLandscapeLeft UIInterfaceOrientationLandscapeRight";
				INFOPLIST_KEY_UISupportedInterfaceOrientations_iPhone = "UIInterfaceOrientationPortrait UIInterfaceOrientationLandscapeLeft UIInterfaceOrientationLandscapeRight";
				LD_RUNPATH_SEARCH_PATHS = (
					"$(inherited)",
					"@executable_path/Frameworks",
				);
				MARKETING_VERSION = 1.0;
				PRODUCT_BUNDLE_IDENTIFIER = co.com.walkAppSinvo;
				PRODUCT_NAME = "$(TARGET_NAME)";
				SWIFT_EMIT_LOC_STRINGS = YES;
				SWIFT_VERSION = 5.0;
				TARGETED_DEVICE_FAMILY = "1,2";
			};
			name = Debug;
		};
		5DDFBCB52AA5AA0600B026DD /* Release */ = {
			isa = XCBuildConfiguration;
			buildSettings = {
				ASSETCATALOG_COMPILER_APPICON_NAME = AppIcon;
				ASSETCATALOG_COMPILER_GLOBAL_ACCENT_COLOR_NAME = AccentColor;
				CODE_SIGN_STYLE = Automatic;
				CURRENT_PROJECT_VERSION = 1;
				DEVELOPMENT_TEAM = RQ9DN8WL4A;
				GENERATE_INFOPLIST_FILE = YES;
				INFOPLIST_FILE = walkAppSinvo/Info.plist;
				INFOPLIST_KEY_UIApplicationSupportsIndirectInputEvents = YES;
				INFOPLIST_KEY_UILaunchStoryboardName = LaunchScreen;
				INFOPLIST_KEY_UIMainStoryboardFile = Main;
				INFOPLIST_KEY_UISupportedInterfaceOrientations_iPad = "UIInterfaceOrientationPortrait UIInterfaceOrientationPortraitUpsideDown UIInterfaceOrientationLandscapeLeft UIInterfaceOrientationLandscapeRight";
				INFOPLIST_KEY_UISupportedInterfaceOrientations_iPhone = "UIInterfaceOrientationPortrait UIInterfaceOrientationLandscapeLeft UIInterfaceOrientationLandscapeRight";
				LD_RUNPATH_SEARCH_PATHS = (
					"$(inherited)",
					"@executable_path/Frameworks",
				);
				MARKETING_VERSION = 1.0;
				PRODUCT_BUNDLE_IDENTIFIER = co.com.walkAppSinvo;
				PRODUCT_NAME = "$(TARGET_NAME)";
				SWIFT_EMIT_LOC_STRINGS = YES;
				SWIFT_VERSION = 5.0;
				TARGETED_DEVICE_FAMILY = "1,2";
			};
			name = Release;
		};
		5DDFBCB72AA5AA0600B026DD /* Debug */ = {
			isa = XCBuildConfiguration;
			buildSettings = {
				ALWAYS_EMBED_SWIFT_STANDARD_LIBRARIES = YES;
				BUNDLE_LOADER = "$(TEST_HOST)";
				CODE_SIGN_STYLE = Automatic;
				CURRENT_PROJECT_VERSION = 1;
				DEVELOPMENT_TEAM = RQ9DN8WL4A;
				GENERATE_INFOPLIST_FILE = YES;
				IPHONEOS_DEPLOYMENT_TARGET = 16.2;
				MARKETING_VERSION = 1.0;
				PRODUCT_BUNDLE_IDENTIFIER = co.com.walkAppSinvoTests;
				PRODUCT_NAME = "$(TARGET_NAME)";
				SWIFT_EMIT_LOC_STRINGS = NO;
				SWIFT_VERSION = 5.0;
				TARGETED_DEVICE_FAMILY = "1,2";
				TEST_HOST = "$(BUILT_PRODUCTS_DIR)/walkAppSinvo.app/$(BUNDLE_EXECUTABLE_FOLDER_PATH)/walkAppSinvo";
			};
			name = Debug;
		};
		5DDFBCB82AA5AA0600B026DD /* Release */ = {
			isa = XCBuildConfiguration;
			buildSettings = {
				ALWAYS_EMBED_SWIFT_STANDARD_LIBRARIES = YES;
				BUNDLE_LOADER = "$(TEST_HOST)";
				CODE_SIGN_STYLE = Automatic;
				CURRENT_PROJECT_VERSION = 1;
				DEVELOPMENT_TEAM = RQ9DN8WL4A;
				GENERATE_INFOPLIST_FILE = YES;
				IPHONEOS_DEPLOYMENT_TARGET = 16.2;
				MARKETING_VERSION = 1.0;
				PRODUCT_BUNDLE_IDENTIFIER = co.com.walkAppSinvoTests;
				PRODUCT_NAME = "$(TARGET_NAME)";
				SWIFT_EMIT_LOC_STRINGS = NO;
				SWIFT_VERSION = 5.0;
				TARGETED_DEVICE_FAMILY = "1,2";
				TEST_HOST = "$(BUILT_PRODUCTS_DIR)/walkAppSinvo.app/$(BUNDLE_EXECUTABLE_FOLDER_PATH)/walkAppSinvo";
			};
			name = Release;
		};
		5DDFBCBA2AA5AA0600B026DD /* Debug */ = {
			isa = XCBuildConfiguration;
			buildSettings = {
				ALWAYS_EMBED_SWIFT_STANDARD_LIBRARIES = YES;
				CODE_SIGN_STYLE = Automatic;
				CURRENT_PROJECT_VERSION = 1;
				DEVELOPMENT_TEAM = RQ9DN8WL4A;
				GENERATE_INFOPLIST_FILE = YES;
				MARKETING_VERSION = 1.0;
				PRODUCT_BUNDLE_IDENTIFIER = co.com.walkAppSinvoUITests;
				PRODUCT_NAME = "$(TARGET_NAME)";
				SWIFT_EMIT_LOC_STRINGS = NO;
				SWIFT_VERSION = 5.0;
				TARGETED_DEVICE_FAMILY = "1,2";
				TEST_TARGET_NAME = walkAppSinvo;
			};
			name = Debug;
		};
		5DDFBCBB2AA5AA0600B026DD /* Release */ = {
			isa = XCBuildConfiguration;
			buildSettings = {
				ALWAYS_EMBED_SWIFT_STANDARD_LIBRARIES = YES;
				CODE_SIGN_STYLE = Automatic;
				CURRENT_PROJECT_VERSION = 1;
				DEVELOPMENT_TEAM = RQ9DN8WL4A;
				GENERATE_INFOPLIST_FILE = YES;
				MARKETING_VERSION = 1.0;
				PRODUCT_BUNDLE_IDENTIFIER = co.com.walkAppSinvoUITests;
				PRODUCT_NAME = "$(TARGET_NAME)";
				SWIFT_EMIT_LOC_STRINGS = NO;
				SWIFT_VERSION = 5.0;
				TARGETED_DEVICE_FAMILY = "1,2";
				TEST_TARGET_NAME = walkAppSinvo;
			};
			name = Release;
		};
/* End XCBuildConfiguration section */

/* Begin XCConfigurationList section */
		5DDFBC842AA5AA0000B026DD /* Build configuration list for PBXProject "walkAppSinvo" */ = {
			isa = XCConfigurationList;
			buildConfigurations = (
				5DDFBCB12AA5AA0600B026DD /* Debug */,
				5DDFBCB22AA5AA0600B026DD /* Release */,
			);
			defaultConfigurationIsVisible = 0;
			defaultConfigurationName = Release;
		};
		5DDFBCB32AA5AA0600B026DD /* Build configuration list for PBXNativeTarget "walkAppSinvo" */ = {
			isa = XCConfigurationList;
			buildConfigurations = (
				5DDFBCB42AA5AA0600B026DD /* Debug */,
				5DDFBCB52AA5AA0600B026DD /* Release */,
			);
			defaultConfigurationIsVisible = 0;
			defaultConfigurationName = Release;
		};
		5DDFBCB62AA5AA0600B026DD /* Build configuration list for PBXNativeTarget "walkAppSinvoTests" */ = {
			isa = XCConfigurationList;
			buildConfigurations = (
				5DDFBCB72AA5AA0600B026DD /* Debug */,
				5DDFBCB82AA5AA0600B026DD /* Release */,
			);
			defaultConfigurationIsVisible = 0;
			defaultConfigurationName = Release;
		};
		5DDFBCB92AA5AA0600B026DD /* Build configuration list for PBXNativeTarget "walkAppSinvoUITests" */ = {
			isa = XCConfigurationList;
			buildConfigurations = (
				5DDFBCBA2AA5AA0600B026DD /* Debug */,
				5DDFBCBB2AA5AA0600B026DD /* Release */,
			);
			defaultConfigurationIsVisible = 0;
			defaultConfigurationName = Release;
		};
/* End XCConfigurationList section */
	};
	rootObject = 5DDFBC812AA5AA0000B026DD /* Project object */;
}
